// !$*UTF8*$!
{
	archiveVersion = 1;
	classes = {
	};
	objectVersion = 46;
	objects = {

/* Begin PBXBuildFile section */
		839A9CB46C97900F4783D92E /* Pods_Soap4TV.framework in Frameworks */ = {isa = PBXBuildFile; fileRef = DACA1DDEDF2C73FB901964CA /* Pods_Soap4TV.framework */; };
		D000B7151BF5EA31006AC142 /* EpisodeTableViewCell.swift in Sources */ = {isa = PBXBuildFile; fileRef = D000B7131BF5EA31006AC142 /* EpisodeTableViewCell.swift */; };
		D000B7161BF5EA31006AC142 /* EpisodeTableViewCell.xib in Resources */ = {isa = PBXBuildFile; fileRef = D000B7141BF5EA31006AC142 /* EpisodeTableViewCell.xib */; };
		D000B7181BF5EE8B006AC142 /* Episode.swift in Sources */ = {isa = PBXBuildFile; fileRef = D000B7171BF5EE8B006AC142 /* Episode.swift */; };
		D0301F731BF364800093ADDC /* TVShow.swift in Sources */ = {isa = PBXBuildFile; fileRef = D0301F721BF364800093ADDC /* TVShow.swift */; };
		D03057521C098CBC000DD2F1 /* TVShowCell.xib in Resources */ = {isa = PBXBuildFile; fileRef = D03057511C098CBC000DD2F1 /* TVShowCell.xib */; };
		D03057541C098CCB000DD2F1 /* TVShowCell.swift in Sources */ = {isa = PBXBuildFile; fileRef = D03057531C098CCB000DD2F1 /* TVShowCell.swift */; };
		D03057561C09B6FB000DD2F1 /* TVShowsCollectionController.swift in Sources */ = {isa = PBXBuildFile; fileRef = D03057551C09B6FB000DD2F1 /* TVShowsCollectionController.swift */; };
		D0419EE51C0218C1005EC129 /* FeaturedCollectionViewCell.swift in Sources */ = {isa = PBXBuildFile; fileRef = D0419EE31C0218C1005EC129 /* FeaturedCollectionViewCell.swift */; };
		D0419EE61C0218C1005EC129 /* FeaturedCollectionViewCell.xib in Resources */ = {isa = PBXBuildFile; fileRef = D0419EE41C0218C1005EC129 /* FeaturedCollectionViewCell.xib */; };
		D04FCA5E1C03432400E3A218 /* FocusableText.swift in Sources */ = {isa = PBXBuildFile; fileRef = D04FCA5D1C03432400E3A218 /* FocusableText.swift */; };
		D068CBF31BFBBDAE0012C434 /* SearchViewController.swift in Sources */ = {isa = PBXBuildFile; fileRef = D068CBF21BFBBDAE0012C434 /* SearchViewController.swift */; };
		D068CBF51BFC5D9A0012C434 /* MainNavigationController.swift in Sources */ = {isa = PBXBuildFile; fileRef = D068CBF41BFC5D9A0012C434 /* MainNavigationController.swift */; };
		D073737F1BF0C23800229B92 /* MovieCollectionCell.swift in Sources */ = {isa = PBXBuildFile; fileRef = D073737D1BF0C23800229B92 /* MovieCollectionCell.swift */; };
		D07373801BF0C23800229B92 /* MovieCollectionCell.xib in Resources */ = {isa = PBXBuildFile; fileRef = D073737E1BF0C23800229B92 /* MovieCollectionCell.xib */; };
		D07373831BF0C28900229B92 /* LoginViewController.swift in Sources */ = {isa = PBXBuildFile; fileRef = D07373821BF0C28900229B92 /* LoginViewController.swift */; };
		D07373861BF0C2C900229B92 /* Config.swift in Sources */ = {isa = PBXBuildFile; fileRef = D07373851BF0C2C900229B92 /* Config.swift */; };
		D07373881BF0C67000229B92 /* API.swift in Sources */ = {isa = PBXBuildFile; fileRef = D07373871BF0C67000229B92 /* API.swift */; };
		D073738B1BF0C8D700229B92 /* Extensions.swift in Sources */ = {isa = PBXBuildFile; fileRef = D073738A1BF0C8D700229B92 /* Extensions.swift */; };
		D0835AC51C02628200684DF7 /* SwiftyTimer.swift in Sources */ = {isa = PBXBuildFile; fileRef = D0835AC41C02628200684DF7 /* SwiftyTimer.swift */; };
		D086BD051C03660B001424FF /* MovieDescriptionViewController.swift in Sources */ = {isa = PBXBuildFile; fileRef = D086BD041C03660B001424FF /* MovieDescriptionViewController.swift */; };
		D089A3711BF0AE20006C6F0E /* AppDelegate.swift in Sources */ = {isa = PBXBuildFile; fileRef = D089A3701BF0AE20006C6F0E /* AppDelegate.swift */; };
		D089A37A1BF0AE20006C6F0E /* Assets.xcassets in Resources */ = {isa = PBXBuildFile; fileRef = D089A3791BF0AE20006C6F0E /* Assets.xcassets */; };
		D089A3821BF0B172006C6F0E /* Main.storyboard in Resources */ = {isa = PBXBuildFile; fileRef = D089A3811BF0B172006C6F0E /* Main.storyboard */; };
		D08AA7241C05D9830084E723 /* Home.storyboard in Resources */ = {isa = PBXBuildFile; fileRef = D08AA7231C05D9830084E723 /* Home.storyboard */; };
		D09040061C00B39E005E7974 /* HomeViewController.swift in Sources */ = {isa = PBXBuildFile; fileRef = D09040051C00B39E005E7974 /* HomeViewController.swift */; };
		D0A29C821BFF3D0E001448B7 /* ScheduleTableViewCell.swift in Sources */ = {isa = PBXBuildFile; fileRef = D0A29C801BFF3D0E001448B7 /* ScheduleTableViewCell.swift */; };
		D0A29C831BFF3D0E001448B7 /* ScheduleTableViewCell.xib in Resources */ = {isa = PBXBuildFile; fileRef = D0A29C811BFF3D0E001448B7 /* ScheduleTableViewCell.xib */; };
		D0A29C851BFF3D76001448B7 /* ScheduleTableViewController.swift in Sources */ = {isa = PBXBuildFile; fileRef = D0A29C841BFF3D76001448B7 /* ScheduleTableViewController.swift */; };
		D0B416F81BF499F500BBDD52 /* TVShowViewController.swift in Sources */ = {isa = PBXBuildFile; fileRef = D0B416F71BF499F500BBDD52 /* TVShowViewController.swift */; };
		D0B47FCE1BFA3B500029E4FA /* PlayerViewController.swift in Sources */ = {isa = PBXBuildFile; fileRef = D0B47FCD1BFA3B500029E4FA /* PlayerViewController.swift */; };
		D0C7595F1C14B40D000EF3DA /* ShadowLabel.swift in Sources */ = {isa = PBXBuildFile; fileRef = D0C7595E1C14B40D000EF3DA /* ShadowLabel.swift */; };
		D0CE6D711C134DD800F4B378 /* EpisodeCollectionViewCell.swift in Sources */ = {isa = PBXBuildFile; fileRef = D0CE6D6F1C134DD800F4B378 /* EpisodeCollectionViewCell.swift */; };
		D0CE6D721C134DD800F4B378 /* EpisodeCollectionViewCell.xib in Resources */ = {isa = PBXBuildFile; fileRef = D0CE6D701C134DD800F4B378 /* EpisodeCollectionViewCell.xib */; };
		D0DB031E1C0783880095BEAF /* ScheduleCollectionViewCell.swift in Sources */ = {isa = PBXBuildFile; fileRef = D0DB031C1C0783880095BEAF /* ScheduleCollectionViewCell.swift */; };
		D0DB031F1C0783880095BEAF /* ScheduleCollectionViewCell.xib in Resources */ = {isa = PBXBuildFile; fileRef = D0DB031D1C0783880095BEAF /* ScheduleCollectionViewCell.xib */; };
		D0DB03211C07863D0095BEAF /* HomeScheduleCollectionView.swift in Sources */ = {isa = PBXBuildFile; fileRef = D0DB03201C07863D0095BEAF /* HomeScheduleCollectionView.swift */; };
		D0DF97681C0397B10045BF9C /* Enums.swift in Sources */ = {isa = PBXBuildFile; fileRef = D0DF97671C0397B10045BF9C /* Enums.swift */; };
/* End PBXBuildFile section */

/* Begin PBXFileReference section */
		1C0BC9E64A0351B7723A4A84 /* Pods-Soap4TV.release.xcconfig */ = {isa = PBXFileReference; includeInIndex = 1; lastKnownFileType = text.xcconfig; name = "Pods-Soap4TV.release.xcconfig"; path = "Pods/Target Support Files/Pods-Soap4TV/Pods-Soap4TV.release.xcconfig"; sourceTree = "<group>"; };
		1E72DBACB42E968977C948E2 /* Pods-Soap4TV.debug.xcconfig */ = {isa = PBXFileReference; includeInIndex = 1; lastKnownFileType = text.xcconfig; name = "Pods-Soap4TV.debug.xcconfig"; path = "Pods/Target Support Files/Pods-Soap4TV/Pods-Soap4TV.debug.xcconfig"; sourceTree = "<group>"; };
		D000B7131BF5EA31006AC142 /* EpisodeTableViewCell.swift */ = {isa = PBXFileReference; fileEncoding = 4; lastKnownFileType = sourcecode.swift; path = EpisodeTableViewCell.swift; sourceTree = "<group>"; };
		D000B7141BF5EA31006AC142 /* EpisodeTableViewCell.xib */ = {isa = PBXFileReference; fileEncoding = 4; lastKnownFileType = file.xib; path = EpisodeTableViewCell.xib; sourceTree = "<group>"; };
		D000B7171BF5EE8B006AC142 /* Episode.swift */ = {isa = PBXFileReference; fileEncoding = 4; lastKnownFileType = sourcecode.swift; path = Episode.swift; sourceTree = "<group>"; };
		D0301F721BF364800093ADDC /* TVShow.swift */ = {isa = PBXFileReference; fileEncoding = 4; lastKnownFileType = sourcecode.swift; path = TVShow.swift; sourceTree = "<group>"; };
		D03057511C098CBC000DD2F1 /* TVShowCell.xib */ = {isa = PBXFileReference; fileEncoding = 4; lastKnownFileType = file.xib; path = TVShowCell.xib; sourceTree = "<group>"; };
		D03057531C098CCB000DD2F1 /* TVShowCell.swift */ = {isa = PBXFileReference; fileEncoding = 4; lastKnownFileType = sourcecode.swift; path = TVShowCell.swift; sourceTree = "<group>"; };
		D03057551C09B6FB000DD2F1 /* TVShowsCollectionController.swift */ = {isa = PBXFileReference; fileEncoding = 4; lastKnownFileType = sourcecode.swift; path = TVShowsCollectionController.swift; sourceTree = "<group>"; };
		D0419EE31C0218C1005EC129 /* FeaturedCollectionViewCell.swift */ = {isa = PBXFileReference; fileEncoding = 4; lastKnownFileType = sourcecode.swift; path = FeaturedCollectionViewCell.swift; sourceTree = "<group>"; };
		D0419EE41C0218C1005EC129 /* FeaturedCollectionViewCell.xib */ = {isa = PBXFileReference; fileEncoding = 4; lastKnownFileType = file.xib; path = FeaturedCollectionViewCell.xib; sourceTree = "<group>"; };
		D04FCA5D1C03432400E3A218 /* FocusableText.swift */ = {isa = PBXFileReference; fileEncoding = 4; lastKnownFileType = sourcecode.swift; path = FocusableText.swift; sourceTree = "<group>"; };
		D05862491BFA5CF0004F20F3 /* Soap4TV-Bridging-Header.h */ = {isa = PBXFileReference; lastKnownFileType = sourcecode.c.h; path = "Soap4TV-Bridging-Header.h"; sourceTree = "<group>"; };
		D068CBF21BFBBDAE0012C434 /* SearchViewController.swift */ = {isa = PBXFileReference; fileEncoding = 4; lastKnownFileType = sourcecode.swift; path = SearchViewController.swift; sourceTree = "<group>"; };
		D068CBF41BFC5D9A0012C434 /* MainNavigationController.swift */ = {isa = PBXFileReference; fileEncoding = 4; lastKnownFileType = sourcecode.swift; path = MainNavigationController.swift; sourceTree = "<group>"; };
		D073737D1BF0C23800229B92 /* MovieCollectionCell.swift */ = {isa = PBXFileReference; fileEncoding = 4; lastKnownFileType = sourcecode.swift; path = MovieCollectionCell.swift; sourceTree = "<group>"; };
		D073737E1BF0C23800229B92 /* MovieCollectionCell.xib */ = {isa = PBXFileReference; fileEncoding = 4; lastKnownFileType = file.xib; path = MovieCollectionCell.xib; sourceTree = "<group>"; };
		D07373821BF0C28900229B92 /* LoginViewController.swift */ = {isa = PBXFileReference; fileEncoding = 4; lastKnownFileType = sourcecode.swift; path = LoginViewController.swift; sourceTree = "<group>"; };
		D07373851BF0C2C900229B92 /* Config.swift */ = {isa = PBXFileReference; fileEncoding = 4; lastKnownFileType = sourcecode.swift; path = Config.swift; sourceTree = "<group>"; };
		D07373871BF0C67000229B92 /* API.swift */ = {isa = PBXFileReference; fileEncoding = 4; lastKnownFileType = sourcecode.swift; path = API.swift; sourceTree = "<group>"; };
		D073738A1BF0C8D700229B92 /* Extensions.swift */ = {isa = PBXFileReference; fileEncoding = 4; lastKnownFileType = sourcecode.swift; path = Extensions.swift; sourceTree = "<group>"; };
		D0835AC41C02628200684DF7 /* SwiftyTimer.swift */ = {isa = PBXFileReference; fileEncoding = 4; lastKnownFileType = sourcecode.swift; path = SwiftyTimer.swift; sourceTree = "<group>"; };
		D086BD041C03660B001424FF /* MovieDescriptionViewController.swift */ = {isa = PBXFileReference; fileEncoding = 4; lastKnownFileType = sourcecode.swift; path = MovieDescriptionViewController.swift; sourceTree = "<group>"; };
		D089A36D1BF0AE20006C6F0E /* Soap4TV.app */ = {isa = PBXFileReference; explicitFileType = wrapper.application; includeInIndex = 0; path = Soap4TV.app; sourceTree = BUILT_PRODUCTS_DIR; };
		D089A3701BF0AE20006C6F0E /* AppDelegate.swift */ = {isa = PBXFileReference; lastKnownFileType = sourcecode.swift; path = AppDelegate.swift; sourceTree = "<group>"; };
		D089A3791BF0AE20006C6F0E /* Assets.xcassets */ = {isa = PBXFileReference; lastKnownFileType = folder.assetcatalog; path = Assets.xcassets; sourceTree = "<group>"; };
		D089A37B1BF0AE20006C6F0E /* Info.plist */ = {isa = PBXFileReference; lastKnownFileType = text.plist.xml; path = Info.plist; sourceTree = "<group>"; };
		D089A3811BF0B172006C6F0E /* Main.storyboard */ = {isa = PBXFileReference; fileEncoding = 4; lastKnownFileType = file.storyboard; path = Main.storyboard; sourceTree = "<group>"; };
		D08AA7231C05D9830084E723 /* Home.storyboard */ = {isa = PBXFileReference; fileEncoding = 4; lastKnownFileType = file.storyboard; path = Home.storyboard; sourceTree = "<group>"; };
		D09040051C00B39E005E7974 /* HomeViewController.swift */ = {isa = PBXFileReference; fileEncoding = 4; lastKnownFileType = sourcecode.swift; path = HomeViewController.swift; sourceTree = "<group>"; };
		D0A29C801BFF3D0E001448B7 /* ScheduleTableViewCell.swift */ = {isa = PBXFileReference; fileEncoding = 4; lastKnownFileType = sourcecode.swift; path = ScheduleTableViewCell.swift; sourceTree = "<group>"; };
		D0A29C811BFF3D0E001448B7 /* ScheduleTableViewCell.xib */ = {isa = PBXFileReference; fileEncoding = 4; lastKnownFileType = file.xib; path = ScheduleTableViewCell.xib; sourceTree = "<group>"; };
		D0A29C841BFF3D76001448B7 /* ScheduleTableViewController.swift */ = {isa = PBXFileReference; fileEncoding = 4; lastKnownFileType = sourcecode.swift; path = ScheduleTableViewController.swift; sourceTree = "<group>"; };
		D0B416F71BF499F500BBDD52 /* TVShowViewController.swift */ = {isa = PBXFileReference; fileEncoding = 4; lastKnownFileType = sourcecode.swift; path = TVShowViewController.swift; sourceTree = "<group>"; };
		D0B47FCD1BFA3B500029E4FA /* PlayerViewController.swift */ = {isa = PBXFileReference; fileEncoding = 4; lastKnownFileType = sourcecode.swift; path = PlayerViewController.swift; sourceTree = "<group>"; };
		D0C7595E1C14B40D000EF3DA /* ShadowLabel.swift */ = {isa = PBXFileReference; fileEncoding = 4; lastKnownFileType = sourcecode.swift; path = ShadowLabel.swift; sourceTree = "<group>"; };
		D0CE6D6F1C134DD800F4B378 /* EpisodeCollectionViewCell.swift */ = {isa = PBXFileReference; fileEncoding = 4; lastKnownFileType = sourcecode.swift; path = EpisodeCollectionViewCell.swift; sourceTree = "<group>"; };
		D0CE6D701C134DD800F4B378 /* EpisodeCollectionViewCell.xib */ = {isa = PBXFileReference; fileEncoding = 4; lastKnownFileType = file.xib; path = EpisodeCollectionViewCell.xib; sourceTree = "<group>"; };
		D0DB031C1C0783880095BEAF /* ScheduleCollectionViewCell.swift */ = {isa = PBXFileReference; fileEncoding = 4; lastKnownFileType = sourcecode.swift; path = ScheduleCollectionViewCell.swift; sourceTree = "<group>"; };
		D0DB031D1C0783880095BEAF /* ScheduleCollectionViewCell.xib */ = {isa = PBXFileReference; fileEncoding = 4; lastKnownFileType = file.xib; path = ScheduleCollectionViewCell.xib; sourceTree = "<group>"; };
		D0DB03201C07863D0095BEAF /* HomeScheduleCollectionView.swift */ = {isa = PBXFileReference; fileEncoding = 4; lastKnownFileType = sourcecode.swift; path = HomeScheduleCollectionView.swift; sourceTree = "<group>"; };
		D0DF97671C0397B10045BF9C /* Enums.swift */ = {isa = PBXFileReference; fileEncoding = 4; lastKnownFileType = sourcecode.swift; path = Enums.swift; sourceTree = "<group>"; };
		DACA1DDEDF2C73FB901964CA /* Pods_Soap4TV.framework */ = {isa = PBXFileReference; explicitFileType = wrapper.framework; includeInIndex = 0; path = Pods_Soap4TV.framework; sourceTree = BUILT_PRODUCTS_DIR; };
/* End PBXFileReference section */

/* Begin PBXFrameworksBuildPhase section */
		D089A36A1BF0AE20006C6F0E /* Frameworks */ = {
			isa = PBXFrameworksBuildPhase;
			buildActionMask = 2147483647;
			files = (
				839A9CB46C97900F4783D92E /* Pods_Soap4TV.framework in Frameworks */,
			);
			runOnlyForDeploymentPostprocessing = 0;
		};
/* End PBXFrameworksBuildPhase section */

/* Begin PBXGroup section */
		2455921AB2104C044165B542 /* Frameworks */ = {
			isa = PBXGroup;
			children = (
				DACA1DDEDF2C73FB901964CA /* Pods_Soap4TV.framework */,
			);
			name = Frameworks;
			sourceTree = "<group>";
		};
		448B1A240F383340B653D9D2 /* Pods */ = {
			isa = PBXGroup;
			children = (
				1E72DBACB42E968977C948E2 /* Pods-Soap4TV.debug.xcconfig */,
				1C0BC9E64A0351B7723A4A84 /* Pods-Soap4TV.release.xcconfig */,
			);
			name = Pods;
			sourceTree = "<group>";
		};
		D02C46EE1BF2B535000B7238 /* Helpers */ = {
			isa = PBXGroup;
			children = (
				D07373851BF0C2C900229B92 /* Config.swift */,
				D073738A1BF0C8D700229B92 /* Extensions.swift */,
				D0301F721BF364800093ADDC /* TVShow.swift */,
				D000B7171BF5EE8B006AC142 /* Episode.swift */,
				D0835AC41C02628200684DF7 /* SwiftyTimer.swift */,
				D0DF97671C0397B10045BF9C /* Enums.swift */,
			);
			name = Helpers;
			sourceTree = "<group>";
		};
		D07373811BF0C26200229B92 /* Custom Elements */ = {
			isa = PBXGroup;
			children = (
				D073737D1BF0C23800229B92 /* MovieCollectionCell.swift */,
				D073737E1BF0C23800229B92 /* MovieCollectionCell.xib */,
				D000B7131BF5EA31006AC142 /* EpisodeTableViewCell.swift */,
				D000B7141BF5EA31006AC142 /* EpisodeTableViewCell.xib */,
				D0A29C801BFF3D0E001448B7 /* ScheduleTableViewCell.swift */,
				D0A29C811BFF3D0E001448B7 /* ScheduleTableViewCell.xib */,
				D0419EE31C0218C1005EC129 /* FeaturedCollectionViewCell.swift */,
				D0419EE41C0218C1005EC129 /* FeaturedCollectionViewCell.xib */,
				D03057531C098CCB000DD2F1 /* TVShowCell.swift */,
				D03057511C098CBC000DD2F1 /* TVShowCell.xib */,
				D04FCA5D1C03432400E3A218 /* FocusableText.swift */,
				D0DB031C1C0783880095BEAF /* ScheduleCollectionViewCell.swift */,
				D0DB031D1C0783880095BEAF /* ScheduleCollectionViewCell.xib */,
				D0CE6D6F1C134DD800F4B378 /* EpisodeCollectionViewCell.swift */,
				D0CE6D701C134DD800F4B378 /* EpisodeCollectionViewCell.xib */,
				D0C7595E1C14B40D000EF3DA /* ShadowLabel.swift */,
			);
			name = "Custom Elements";
			sourceTree = "<group>";
		};
		D07373841BF0C29800229B92 /* App */ = {
			isa = PBXGroup;
			children = (
				D07373821BF0C28900229B92 /* LoginViewController.swift */,
				D07373871BF0C67000229B92 /* API.swift */,
				D03057551C09B6FB000DD2F1 /* TVShowsCollectionController.swift */,
				D0B416F71BF499F500BBDD52 /* TVShowViewController.swift */,
				D0B47FCD1BFA3B500029E4FA /* PlayerViewController.swift */,
				D068CBF21BFBBDAE0012C434 /* SearchViewController.swift */,
				D068CBF41BFC5D9A0012C434 /* MainNavigationController.swift */,
				D0A29C841BFF3D76001448B7 /* ScheduleTableViewController.swift */,
				D09040051C00B39E005E7974 /* HomeViewController.swift */,
				D086BD041C03660B001424FF /* MovieDescriptionViewController.swift */,
				D0DB03201C07863D0095BEAF /* HomeScheduleCollectionView.swift */,
			);
			name = App;
			sourceTree = "<group>";
		};
		D089A3641BF0AE20006C6F0E = {
			isa = PBXGroup;
			children = (
				D089A36F1BF0AE20006C6F0E /* Soap4TV */,
				D089A36E1BF0AE20006C6F0E /* Products */,
				448B1A240F383340B653D9D2 /* Pods */,
				2455921AB2104C044165B542 /* Frameworks */,
			);
			sourceTree = "<group>";
		};
		D089A36E1BF0AE20006C6F0E /* Products */ = {
			isa = PBXGroup;
			children = (
				D089A36D1BF0AE20006C6F0E /* Soap4TV.app */,
			);
			name = Products;
			sourceTree = "<group>";
		};
		D089A36F1BF0AE20006C6F0E /* Soap4TV */ = {
			isa = PBXGroup;
			children = (
				D02C46EE1BF2B535000B7238 /* Helpers */,
				D07373841BF0C29800229B92 /* App */,
				D07373811BF0C26200229B92 /* Custom Elements */,
				D089A3701BF0AE20006C6F0E /* AppDelegate.swift */,
				D089A3811BF0B172006C6F0E /* Main.storyboard */,
				D08AA7231C05D9830084E723 /* Home.storyboard */,
				D089A3791BF0AE20006C6F0E /* Assets.xcassets */,
				D089A37B1BF0AE20006C6F0E /* Info.plist */,
				D05862491BFA5CF0004F20F3 /* Soap4TV-Bridging-Header.h */,
			);
			path = Soap4TV;
			sourceTree = "<group>";
		};
/* End PBXGroup section */

/* Begin PBXNativeTarget section */
		D089A36C1BF0AE20006C6F0E /* Soap4TV */ = {
			isa = PBXNativeTarget;
			buildConfigurationList = D089A37E1BF0AE20006C6F0E /* Build configuration list for PBXNativeTarget "Soap4TV" */;
			buildPhases = (
				D2DEE7F7C22C49EE4D9B0C2A /* Check Pods Manifest.lock */,
				D089A3691BF0AE20006C6F0E /* Sources */,
				D089A36A1BF0AE20006C6F0E /* Frameworks */,
				D089A36B1BF0AE20006C6F0E /* Resources */,
				FE02787245E8BA7E2954D60F /* Embed Pods Frameworks */,
				158E72D411F77D8979A410DF /* Copy Pods Resources */,
			);
			buildRules = (
			);
			dependencies = (
			);
			name = Soap4TV;
			productName = Soap4TV;
			productReference = D089A36D1BF0AE20006C6F0E /* Soap4TV.app */;
			productType = "com.apple.product-type.application";
		};
/* End PBXNativeTarget section */

/* Begin PBXProject section */
		D089A3651BF0AE20006C6F0E /* Project object */ = {
			isa = PBXProject;
			attributes = {
				LastSwiftUpdateCheck = 0710;
				LastUpgradeCheck = 0710;
				ORGANIZATIONNAME = "Peter Tikhomirov";
				TargetAttributes = {
					D089A36C1BF0AE20006C6F0E = {
						CreatedOnToolsVersion = 7.1;
						DevelopmentTeam = 5ES6HGC5J6;
						SystemCapabilities = {
							com.apple.BackgroundModes.appletvos = {
								enabled = 0;
							};
						};
					};
				};
			};
			buildConfigurationList = D089A3681BF0AE20006C6F0E /* Build configuration list for PBXProject "Soap4TV" */;
			compatibilityVersion = "Xcode 3.2";
			developmentRegion = English;
			hasScannedForEncodings = 0;
			knownRegions = (
				en,
				Base,
			);
			mainGroup = D089A3641BF0AE20006C6F0E;
			productRefGroup = D089A36E1BF0AE20006C6F0E /* Products */;
			projectDirPath = "";
			projectRoot = "";
			targets = (
				D089A36C1BF0AE20006C6F0E /* Soap4TV */,
			);
		};
/* End PBXProject section */

/* Begin PBXResourcesBuildPhase section */
		D089A36B1BF0AE20006C6F0E /* Resources */ = {
			isa = PBXResourcesBuildPhase;
			buildActionMask = 2147483647;
			files = (
				D08AA7241C05D9830084E723 /* Home.storyboard in Resources */,
				D0A29C831BFF3D0E001448B7 /* ScheduleTableViewCell.xib in Resources */,
				D07373801BF0C23800229B92 /* MovieCollectionCell.xib in Resources */,
				D0419EE61C0218C1005EC129 /* FeaturedCollectionViewCell.xib in Resources */,
				D000B7161BF5EA31006AC142 /* EpisodeTableViewCell.xib in Resources */,
				D089A37A1BF0AE20006C6F0E /* Assets.xcassets in Resources */,
				D0CE6D721C134DD800F4B378 /* EpisodeCollectionViewCell.xib in Resources */,
				D03057521C098CBC000DD2F1 /* TVShowCell.xib in Resources */,
				D089A3821BF0B172006C6F0E /* Main.storyboard in Resources */,
				D0DB031F1C0783880095BEAF /* ScheduleCollectionViewCell.xib in Resources */,
			);
			runOnlyForDeploymentPostprocessing = 0;
		};
/* End PBXResourcesBuildPhase section */

/* Begin PBXShellScriptBuildPhase section */
		158E72D411F77D8979A410DF /* Copy Pods Resources */ = {
			isa = PBXShellScriptBuildPhase;
			buildActionMask = 2147483647;
			files = (
			);
			inputPaths = (
			);
			name = "Copy Pods Resources";
			outputPaths = (
			);
			runOnlyForDeploymentPostprocessing = 0;
			shellPath = /bin/sh;
			shellScript = "\"${SRCROOT}/Pods/Target Support Files/Pods-Soap4TV/Pods-Soap4TV-resources.sh\"\n";
			showEnvVarsInLog = 0;
		};
		D2DEE7F7C22C49EE4D9B0C2A /* Check Pods Manifest.lock */ = {
			isa = PBXShellScriptBuildPhase;
			buildActionMask = 2147483647;
			files = (
			);
			inputPaths = (
			);
			name = "Check Pods Manifest.lock";
			outputPaths = (
			);
			runOnlyForDeploymentPostprocessing = 0;
			shellPath = /bin/sh;
			shellScript = "diff \"${PODS_ROOT}/../Podfile.lock\" \"${PODS_ROOT}/Manifest.lock\" > /dev/null\nif [[ $? != 0 ]] ; then\n    cat << EOM\nerror: The sandbox is not in sync with the Podfile.lock. Run 'pod install' or update your CocoaPods installation.\nEOM\n    exit 1\nfi\n";
			showEnvVarsInLog = 0;
		};
		FE02787245E8BA7E2954D60F /* Embed Pods Frameworks */ = {
			isa = PBXShellScriptBuildPhase;
			buildActionMask = 2147483647;
			files = (
			);
			inputPaths = (
			);
			name = "Embed Pods Frameworks";
			outputPaths = (
			);
			runOnlyForDeploymentPostprocessing = 0;
			shellPath = /bin/sh;
			shellScript = "\"${SRCROOT}/Pods/Target Support Files/Pods-Soap4TV/Pods-Soap4TV-frameworks.sh\"\n";
			showEnvVarsInLog = 0;
		};
/* End PBXShellScriptBuildPhase section */

/* Begin PBXSourcesBuildPhase section */
		D089A3691BF0AE20006C6F0E /* Sources */ = {
			isa = PBXSourcesBuildPhase;
			buildActionMask = 2147483647;
			files = (
				D0A29C851BFF3D76001448B7 /* ScheduleTableViewController.swift in Sources */,
				D068CBF51BFC5D9A0012C434 /* MainNavigationController.swift in Sources */,
				D03057541C098CCB000DD2F1 /* TVShowCell.swift in Sources */,
				D073738B1BF0C8D700229B92 /* Extensions.swift in Sources */,
				D07373831BF0C28900229B92 /* LoginViewController.swift in Sources */,
				D0301F731BF364800093ADDC /* TVShow.swift in Sources */,
				D09040061C00B39E005E7974 /* HomeViewController.swift in Sources */,
				D0419EE51C0218C1005EC129 /* FeaturedCollectionViewCell.swift in Sources */,
				D000B7151BF5EA31006AC142 /* EpisodeTableViewCell.swift in Sources */,
				D0DF97681C0397B10045BF9C /* Enums.swift in Sources */,
				D03057561C09B6FB000DD2F1 /* TVShowsCollectionController.swift in Sources */,
				D07373861BF0C2C900229B92 /* Config.swift in Sources */,
				D0A29C821BFF3D0E001448B7 /* ScheduleTableViewCell.swift in Sources */,
				D000B7181BF5EE8B006AC142 /* Episode.swift in Sources */,
				D073737F1BF0C23800229B92 /* MovieCollectionCell.swift in Sources */,
				D086BD051C03660B001424FF /* MovieDescriptionViewController.swift in Sources */,
				D04FCA5E1C03432400E3A218 /* FocusableText.swift in Sources */,
				D0DB031E1C0783880095BEAF /* ScheduleCollectionViewCell.swift in Sources */,
				D0B47FCE1BFA3B500029E4FA /* PlayerViewController.swift in Sources */,
				D068CBF31BFBBDAE0012C434 /* SearchViewController.swift in Sources */,
				D0CE6D711C134DD800F4B378 /* EpisodeCollectionViewCell.swift in Sources */,
				D089A3711BF0AE20006C6F0E /* AppDelegate.swift in Sources */,
				D07373881BF0C67000229B92 /* API.swift in Sources */,
				D0C7595F1C14B40D000EF3DA /* ShadowLabel.swift in Sources */,
				D0B416F81BF499F500BBDD52 /* TVShowViewController.swift in Sources */,
				D0DB03211C07863D0095BEAF /* HomeScheduleCollectionView.swift in Sources */,
				D0835AC51C02628200684DF7 /* SwiftyTimer.swift in Sources */,
			);
			runOnlyForDeploymentPostprocessing = 0;
		};
/* End PBXSourcesBuildPhase section */

/* Begin XCBuildConfiguration section */
		D089A37C1BF0AE20006C6F0E /* Debug */ = {
			isa = XCBuildConfiguration;
			buildSettings = {
				ALWAYS_SEARCH_USER_PATHS = NO;
				CLANG_CXX_LANGUAGE_STANDARD = "gnu++0x";
				CLANG_CXX_LIBRARY = "libc++";
				CLANG_ENABLE_MODULES = YES;
				CLANG_ENABLE_OBJC_ARC = YES;
				CLANG_WARN_BOOL_CONVERSION = YES;
				CLANG_WARN_CONSTANT_CONVERSION = YES;
				CLANG_WARN_DIRECT_OBJC_ISA_USAGE = YES_ERROR;
				CLANG_WARN_EMPTY_BODY = YES;
				CLANG_WARN_ENUM_CONVERSION = YES;
				CLANG_WARN_INT_CONVERSION = YES;
				CLANG_WARN_OBJC_ROOT_CLASS = YES_ERROR;
				CLANG_WARN_UNREACHABLE_CODE = YES;
				CLANG_WARN__DUPLICATE_METHOD_MATCH = YES;
				COPY_PHASE_STRIP = NO;
				DEBUG_INFORMATION_FORMAT = dwarf;
				ENABLE_STRICT_OBJC_MSGSEND = YES;
				ENABLE_TESTABILITY = YES;
				GCC_C_LANGUAGE_STANDARD = gnu99;
				GCC_DYNAMIC_NO_PIC = NO;
				GCC_NO_COMMON_BLOCKS = YES;
				GCC_OPTIMIZATION_LEVEL = 0;
				GCC_PREPROCESSOR_DEFINITIONS = (
					"DEBUG=1",
					"$(inherited)",
				);
				GCC_WARN_64_TO_32_BIT_CONVERSION = YES;
				GCC_WARN_ABOUT_RETURN_TYPE = YES_ERROR;
				GCC_WARN_UNDECLARED_SELECTOR = YES;
				GCC_WARN_UNINITIALIZED_AUTOS = YES_AGGRESSIVE;
				GCC_WARN_UNUSED_FUNCTION = YES;
				GCC_WARN_UNUSED_VARIABLE = YES;
				MTL_ENABLE_DEBUG_INFO = YES;
				ONLY_ACTIVE_ARCH = YES;
				SDKROOT = appletvos;
				SWIFT_OPTIMIZATION_LEVEL = "-Onone";
				TARGETED_DEVICE_FAMILY = 3;
				TVOS_DEPLOYMENT_TARGET = 9.0;
			};
			name = Debug;
		};
		D089A37D1BF0AE20006C6F0E /* Release */ = {
			isa = XCBuildConfiguration;
			buildSettings = {
				ALWAYS_SEARCH_USER_PATHS = NO;
				CLANG_CXX_LANGUAGE_STANDARD = "gnu++0x";
				CLANG_CXX_LIBRARY = "libc++";
				CLANG_ENABLE_MODULES = YES;
				CLANG_ENABLE_OBJC_ARC = YES;
				CLANG_WARN_BOOL_CONVERSION = YES;
				CLANG_WARN_CONSTANT_CONVERSION = YES;
				CLANG_WARN_DIRECT_OBJC_ISA_USAGE = YES_ERROR;
				CLANG_WARN_EMPTY_BODY = YES;
				CLANG_WARN_ENUM_CONVERSION = YES;
				CLANG_WARN_INT_CONVERSION = YES;
				CLANG_WARN_OBJC_ROOT_CLASS = YES_ERROR;
				CLANG_WARN_UNREACHABLE_CODE = YES;
				CLANG_WARN__DUPLICATE_METHOD_MATCH = YES;
				COPY_PHASE_STRIP = NO;
				DEBUG_INFORMATION_FORMAT = "dwarf-with-dsym";
				ENABLE_NS_ASSERTIONS = NO;
				ENABLE_STRICT_OBJC_MSGSEND = YES;
				GCC_C_LANGUAGE_STANDARD = gnu99;
				GCC_NO_COMMON_BLOCKS = YES;
				GCC_WARN_64_TO_32_BIT_CONVERSION = YES;
				GCC_WARN_ABOUT_RETURN_TYPE = YES_ERROR;
				GCC_WARN_UNDECLARED_SELECTOR = YES;
				GCC_WARN_UNINITIALIZED_AUTOS = YES_AGGRESSIVE;
				GCC_WARN_UNUSED_FUNCTION = YES;
				GCC_WARN_UNUSED_VARIABLE = YES;
				MTL_ENABLE_DEBUG_INFO = NO;
				SDKROOT = appletvos;
				TARGETED_DEVICE_FAMILY = 3;
				TVOS_DEPLOYMENT_TARGET = 9.0;
				VALIDATE_PRODUCT = YES;
			};
			name = Release;
		};
		D089A37F1BF0AE20006C6F0E /* Debug */ = {
			isa = XCBuildConfiguration;
			baseConfigurationReference = 1E72DBACB42E968977C948E2 /* Pods-Soap4TV.debug.xcconfig */;
			buildSettings = {
				ASSETCATALOG_COMPILER_APPICON_NAME = "App Icon & Top Shelf Image";
				ASSETCATALOG_COMPILER_LAUNCHIMAGE_NAME = LaunchImage;
				CLANG_ENABLE_MODULES = YES;
				CODE_SIGN_IDENTITY = "iPhone Developer";
				INFOPLIST_FILE = Soap4TV/Info.plist;
				LD_RUNPATH_SEARCH_PATHS = "$(inherited) @executable_path/Frameworks";
				PRODUCT_BUNDLE_IDENTIFIER = com.staticdreams.Soap4TV;
				PRODUCT_NAME = "$(TARGET_NAME)";
				SWIFT_OBJC_BRIDGING_HEADER = "Soap4TV/Soap4TV-Bridging-Header.h";
				SWIFT_OPTIMIZATION_LEVEL = "-Onone";
				TVOS_DEPLOYMENT_TARGET = 9.0;
			};
			name = Debug;
		};
		D089A3801BF0AE20006C6F0E /* Release */ = {
			isa = XCBuildConfiguration;
			baseConfigurationReference = 1C0BC9E64A0351B7723A4A84 /* Pods-Soap4TV.release.xcconfig */;
			buildSettings = {
				ASSETCATALOG_COMPILER_APPICON_NAME = "App Icon & Top Shelf Image";
				ASSETCATALOG_COMPILER_LAUNCHIMAGE_NAME = LaunchImage;
				CLANG_ENABLE_MODULES = YES;
				CODE_SIGN_IDENTITY = "iPhone Developer";
				INFOPLIST_FILE = Soap4TV/Info.plist;
				LD_RUNPATH_SEARCH_PATHS = "$(inherited) @executable_path/Frameworks";
				PRODUCT_BUNDLE_IDENTIFIER = com.staticdreams.Soap4TV;
				PRODUCT_NAME = "$(TARGET_NAME)";
				SWIFT_OBJC_BRIDGING_HEADER = "Soap4TV/Soap4TV-Bridging-Header.h";
				TVOS_DEPLOYMENT_TARGET = 9.0;
			};
			name = Release;
		};
/* End XCBuildConfiguration section */

/* Begin XCConfigurationList section */
		D089A3681BF0AE20006C6F0E /* Build configuration list for PBXProject "Soap4TV" */ = {
			isa = XCConfigurationList;
			buildConfigurations = (
				D089A37C1BF0AE20006C6F0E /* Debug */,
				D089A37D1BF0AE20006C6F0E /* Release */,
			);
			defaultConfigurationIsVisible = 0;
			defaultConfigurationName = Release;
		};
		D089A37E1BF0AE20006C6F0E /* Build configuration list for PBXNativeTarget "Soap4TV" */ = {
			isa = XCConfigurationList;
			buildConfigurations = (
				D089A37F1BF0AE20006C6F0E /* Debug */,
				D089A3801BF0AE20006C6F0E /* Release */,
			);
			defaultConfigurationIsVisible = 0;
			defaultConfigurationName = Release;
		};
/* End XCConfigurationList section */
	};
	rootObject = D089A3651BF0AE20006C6F0E /* Project object */;
}
